
Microsoft Visual Studio Solution File, Format Version 12.00
# Visual Studio Version 17
VisualStudioVersion = 17.7.34024.191
MinimumVisualStudioVersion = 10.0.40219.1
Project("{9A19103F-16F7-4668-BE54-9A1E7A4F7556}") = "Shopping.Client", "Shopping.Client.csproj", "{29480D89-7838-4554-B179-5507FCC41576}"
EndProject
Project("{FAE04EC0-301F-11D3-BF4B-00C04F79EFBC}") = "Shopping.API", "..\Shopping.API\Shopping.API.csproj", "{271BD73D-CE63-4DCA-A012-34B9EB7F68CC}"
EndProject
Global
	GlobalSection(SolutionConfigurationPlatforms) = preSolution
		Debug|Any CPU = Debug|Any CPU
		Release|Any CPU = Release|Any CPU
	EndGlobalSection
	GlobalSection(ProjectConfigurationPlatforms) = postSolution
		{29480D89-7838-4554-B179-5507FCC41576}.Debug|Any CPU.ActiveCfg = Debug|Any CPU
		{29480D89-7838-4554-B179-5507FCC41576}.Debug|Any CPU.Build.0 = Debug|Any CPU
		{29480D89-7838-4554-B179-5507FCC41576}.Release|Any CPU.ActiveCfg = Release|Any CPU
		{29480D89-7838-4554-B179-5507FCC41576}.Release|Any CPU.Build.0 = Release|Any CPU
		{271BD73D-CE63-4DCA-A012-34B9EB7F68CC}.Debug|Any CPU.ActiveCfg = Debug|Any CPU
		{271BD73D-CE63-4DCA-A012-34B9EB7F68CC}.Debug|Any CPU.Build.0 = Debug|Any CPU
		{271BD73D-CE63-4DCA-A012-34B9EB7F68CC}.Release|Any CPU.ActiveCfg = Release|Any CPU
		{271BD73D-CE63-4DCA-A012-34B9EB7F68CC}.Release|Any CPU.Build.0 = Release|Any CPU
	EndGlobalSection
	GlobalSection(SolutionProperties) = preSolution
		HideSolutionNode = FALSE
	EndGlobalSection
	GlobalSection(ExtensibilityGlobals) = postSolution
		SolutionGuid = {4A427689-0172-480E-A623-16841F3F93C1}
	EndGlobalSection
EndGlobal
